
Microsoft Visual Studio Solution File, Format Version 12.00
# Visual Studio Version 16
VisualStudioVersion = 16.0.30717.126
MinimumVisualStudioVersion = 10.0.40219.1
Project("{FAE04EC0-301F-11D3-BF4B-00C04F79EFBC}") = "SistemaDeGerenciamentoDePeixes", "SistemaDeGerenciamentoDePeixes\SistemaDeGerenciamentoDePeixes.csproj", "{87456C51-7591-4704-BD09-8822CACE528F}"
EndProject
Global
	GlobalSection(SolutionConfigurationPlatforms) = preSolution
		Debug|Any CPU = Debug|Any CPU
		Release|Any CPU = Release|Any CPU
	EndGlobalSection
	GlobalSection(ProjectConfigurationPlatforms) = postSolution
		{87456C51-7591-4704-BD09-8822CACE528F}.Debug|Any CPU.ActiveCfg = Debug|Any CPU
		{87456C51-7591-4704-BD09-8822CACE528F}.Debug|Any CPU.Build.0 = Debug|Any CPU
		{87456C51-7591-4704-BD09-8822CACE528F}.Release|Any CPU.ActiveCfg = Release|Any CPU
		{87456C51-7591-4704-BD09-8822CACE528F}.Release|Any CPU.Build.0 = Release|Any CPU
	EndGlobalSection
	GlobalSection(SolutionProperties) = preSolution
		HideSolutionNode = FALSE
	EndGlobalSection
	GlobalSection(ExtensibilityGlobals) = postSolution
		SolutionGuid = {6C467A31-CAE1-4D24-83BF-8FAC4E4FDB96}
	EndGlobalSection
EndGlobal
